
Microsoft Visual Studio Solution File, Format Version 12.00
# Visual Studio 15
Project("{FAE04EC0-301F-11D3-BF4B-00C04F79EFBC}") = "Assembly-CSharp", "Assembly-CSharp.csproj", "{83B0973E-9FC6-6EC6-16D1-666A3CC6F9B3}"
EndProject
Project("{FAE04EC0-301F-11D3-BF4B-00C04F79EFBC}") = "Assembly-CSharp-firstpass", "Assembly-CSharp-firstpass.csproj", "{DD22F7DB-1261-4C65-6775-7B4F9C1E87C6}"
EndProject
Global
	GlobalSection(SolutionConfigurationPlatforms) = preSolution
		Debug|Any CPU = Debug|Any CPU
		Release|Any CPU = Release|Any CPU
	EndGlobalSection
	GlobalSection(ProjectConfigurationPlatforms) = postSolution
		{83B0973E-9FC6-6EC6-16D1-666A3CC6F9B3}.Debug|Any CPU.ActiveCfg = Debug|Any CPU
		{83B0973E-9FC6-6EC6-16D1-666A3CC6F9B3}.Debug|Any CPU.Build.0 = Debug|Any CPU
		{83B0973E-9FC6-6EC6-16D1-666A3CC6F9B3}.Release|Any CPU.ActiveCfg = Release|Any CPU
		{83B0973E-9FC6-6EC6-16D1-666A3CC6F9B3}.Release|Any CPU.Build.0 = Release|Any CPU
		{DD22F7DB-1261-4C65-6775-7B4F9C1E87C6}.Debug|Any CPU.ActiveCfg = Debug|Any CPU
		{DD22F7DB-1261-4C65-6775-7B4F9C1E87C6}.Debug|Any CPU.Build.0 = Debug|Any CPU
		{DD22F7DB-1261-4C65-6775-7B4F9C1E87C6}.Release|Any CPU.ActiveCfg = Release|Any CPU
		{DD22F7DB-1261-4C65-6775-7B4F9C1E87C6}.Release|Any CPU.Build.0 = Release|Any CPU
	EndGlobalSection
	GlobalSection(SolutionProperties) = preSolution
		HideSolutionNode = FALSE
	EndGlobalSection
EndGlobal
